
Microsoft Visual Studio Solution File, Format Version 12.00
# Visual Studio Version 17
VisualStudioVersion = 17.7.34221.43
MinimumVisualStudioVersion = 10.0.40219.1
Project("{FAE04EC0-301F-11D3-BF4B-00C04F79EFBC}") = "Opps-Part1", "Opps-Part1\Opps-Part1.csproj", "{C94986A2-CE37-45EB-BE1D-B51BD539DB8F}"
EndProject
Global
	GlobalSection(SolutionConfigurationPlatforms) = preSolution
		Debug|Any CPU = Debug|Any CPU
		Release|Any CPU = Release|Any CPU
	EndGlobalSection
	GlobalSection(ProjectConfigurationPlatforms) = postSolution
		{C94986A2-CE37-45EB-BE1D-B51BD539DB8F}.Debug|Any CPU.ActiveCfg = Debug|Any CPU
		{C94986A2-CE37-45EB-BE1D-B51BD539DB8F}.Debug|Any CPU.Build.0 = Debug|Any CPU
		{C94986A2-CE37-45EB-BE1D-B51BD539DB8F}.Release|Any CPU.ActiveCfg = Release|Any CPU
		{C94986A2-CE37-45EB-BE1D-B51BD539DB8F}.Release|Any CPU.Build.0 = Release|Any CPU
	EndGlobalSection
	GlobalSection(SolutionProperties) = preSolution
		HideSolutionNode = FALSE
	EndGlobalSection
	GlobalSection(ExtensibilityGlobals) = postSolution
		SolutionGuid = {154A1965-3D1B-47DD-A540-570F7282C5D3}
	EndGlobalSection
EndGlobal
